
Microsoft Visual Studio Solution File, Format Version 12.00
Project("{FAE04EC0-301F-11D3-BF4B-00C04F79EFBC}") = "Utilities", "Utilities\Utilities.csproj", "{DBDB31EA-FEC7-4906-8F11-4966DF4352C7}"
EndProject
Project("{FAE04EC0-301F-11D3-BF4B-00C04F79EFBC}") = "iptv.Domain", "iptv.Domain\iptv.Domain.csproj", "{18A772AD-6037-4E7A-AB98-A2D0668EC450}"
EndProject
Project("{FAE04EC0-301F-11D3-BF4B-00C04F79EFBC}") = "iptv.Services", "iptv.Services\iptv.Services.csproj", "{8693339A-5639-4291-987E-4FDFA06232EB}"
EndProject
Project("{FAE04EC0-301F-11D3-BF4B-00C04F79EFBC}") = "iptv.Api", "iptv.Api\iptv.Api.csproj", "{1118FD57-EF55-4A3B-A1EF-07D789C57CC2}"
EndProject
Project("{FAE04EC0-301F-11D3-BF4B-00C04F79EFBC}") = "iptv.Tests", "iptv.Tests\iptv.Tests.csproj", "{EDC849F2-3E61-4913-8888-4B8ADBF46DFF}"
EndProject
Global
	GlobalSection(SolutionConfigurationPlatforms) = preSolution
		Debug|Any CPU = Debug|Any CPU
		Debug|x64 = Debug|x64
		Debug|x86 = Debug|x86
		Release|Any CPU = Release|Any CPU
		Release|x64 = Release|x64
		Release|x86 = Release|x86
	EndGlobalSection
	GlobalSection(ProjectConfigurationPlatforms) = postSolution
		{DBDB31EA-FEC7-4906-8F11-4966DF4352C7}.Debug|Any CPU.ActiveCfg = Debug|Any CPU
		{DBDB31EA-FEC7-4906-8F11-4966DF4352C7}.Debug|Any CPU.Build.0 = Debug|Any CPU
		{DBDB31EA-FEC7-4906-8F11-4966DF4352C7}.Debug|x64.ActiveCfg = Debug|Any CPU
		{DBDB31EA-FEC7-4906-8F11-4966DF4352C7}.Debug|x64.Build.0 = Debug|Any CPU
		{DBDB31EA-FEC7-4906-8F11-4966DF4352C7}.Debug|x86.ActiveCfg = Debug|Any CPU
		{DBDB31EA-FEC7-4906-8F11-4966DF4352C7}.Debug|x86.Build.0 = Debug|Any CPU
		{DBDB31EA-FEC7-4906-8F11-4966DF4352C7}.Release|Any CPU.ActiveCfg = Release|Any CPU
		{DBDB31EA-FEC7-4906-8F11-4966DF4352C7}.Release|Any CPU.Build.0 = Release|Any CPU
		{DBDB31EA-FEC7-4906-8F11-4966DF4352C7}.Release|x64.ActiveCfg = Release|Any CPU
		{DBDB31EA-FEC7-4906-8F11-4966DF4352C7}.Release|x64.Build.0 = Release|Any CPU
		{DBDB31EA-FEC7-4906-8F11-4966DF4352C7}.Release|x86.ActiveCfg = Release|Any CPU
		{DBDB31EA-FEC7-4906-8F11-4966DF4352C7}.Release|x86.Build.0 = Release|Any CPU
		{18A772AD-6037-4E7A-AB98-A2D0668EC450}.Debug|Any CPU.ActiveCfg = Debug|Any CPU
		{18A772AD-6037-4E7A-AB98-A2D0668EC450}.Debug|Any CPU.Build.0 = Debug|Any CPU
		{18A772AD-6037-4E7A-AB98-A2D0668EC450}.Debug|x64.ActiveCfg = Debug|Any CPU
		{18A772AD-6037-4E7A-AB98-A2D0668EC450}.Debug|x64.Build.0 = Debug|Any CPU
		{18A772AD-6037-4E7A-AB98-A2D0668EC450}.Debug|x86.ActiveCfg = Debug|Any CPU
		{18A772AD-6037-4E7A-AB98-A2D0668EC450}.Debug|x86.Build.0 = Debug|Any CPU
		{18A772AD-6037-4E7A-AB98-A2D0668EC450}.Release|Any CPU.ActiveCfg = Release|Any CPU
		{18A772AD-6037-4E7A-AB98-A2D0668EC450}.Release|Any CPU.Build.0 = Release|Any CPU
		{18A772AD-6037-4E7A-AB98-A2D0668EC450}.Release|x64.ActiveCfg = Release|Any CPU
		{18A772AD-6037-4E7A-AB98-A2D0668EC450}.Release|x64.Build.0 = Release|Any CPU
		{18A772AD-6037-4E7A-AB98-A2D0668EC450}.Release|x86.ActiveCfg = Release|Any CPU
		{18A772AD-6037-4E7A-AB98-A2D0668EC450}.Release|x86.Build.0 = Release|Any CPU
		{8693339A-5639-4291-987E-4FDFA06232EB}.Debug|Any CPU.ActiveCfg = Debug|Any CPU
		{8693339A-5639-4291-987E-4FDFA06232EB}.Debug|Any CPU.Build.0 = Debug|Any CPU
		{8693339A-5639-4291-987E-4FDFA06232EB}.Debug|x64.ActiveCfg = Debug|Any CPU
		{8693339A-5639-4291-987E-4FDFA06232EB}.Debug|x64.Build.0 = Debug|Any CPU
		{8693339A-5639-4291-987E-4FDFA06232EB}.Debug|x86.ActiveCfg = Debug|Any CPU
		{8693339A-5639-4291-987E-4FDFA06232EB}.Debug|x86.Build.0 = Debug|Any CPU
		{8693339A-5639-4291-987E-4FDFA06232EB}.Release|Any CPU.ActiveCfg = Release|Any CPU
		{8693339A-5639-4291-987E-4FDFA06232EB}.Release|Any CPU.Build.0 = Release|Any CPU
		{8693339A-5639-4291-987E-4FDFA06232EB}.Release|x64.ActiveCfg = Release|Any CPU
		{8693339A-5639-4291-987E-4FDFA06232EB}.Release|x64.Build.0 = Release|Any CPU
		{8693339A-5639-4291-987E-4FDFA06232EB}.Release|x86.ActiveCfg = Release|Any CPU
		{8693339A-5639-4291-987E-4FDFA06232EB}.Release|x86.Build.0 = Release|Any CPU
		{1118FD57-EF55-4A3B-A1EF-07D789C57CC2}.Debug|Any CPU.ActiveCfg = Debug|Any CPU
		{1118FD57-EF55-4A3B-A1EF-07D789C57CC2}.Debug|Any CPU.Build.0 = Debug|Any CPU
		{1118FD57-EF55-4A3B-A1EF-07D789C57CC2}.Debug|x64.ActiveCfg = Debug|Any CPU
		{1118FD57-EF55-4A3B-A1EF-07D789C57CC2}.Debug|x64.Build.0 = Debug|Any CPU
		{1118FD57-EF55-4A3B-A1EF-07D789C57CC2}.Debug|x86.ActiveCfg = Debug|Any CPU
		{1118FD57-EF55-4A3B-A1EF-07D789C57CC2}.Debug|x86.Build.0 = Debug|Any CPU
		{1118FD57-EF55-4A3B-A1EF-07D789C57CC2}.Release|Any CPU.ActiveCfg = Release|Any CPU
		{1118FD57-EF55-4A3B-A1EF-07D789C57CC2}.Release|Any CPU.Build.0 = Release|Any CPU
		{1118FD57-EF55-4A3B-A1EF-07D789C57CC2}.Release|x64.ActiveCfg = Release|Any CPU
		{1118FD57-EF55-4A3B-A1EF-07D789C57CC2}.Release|x64.Build.0 = Release|Any CPU
		{1118FD57-EF55-4A3B-A1EF-07D789C57CC2}.Release|x86.ActiveCfg = Release|Any CPU
		{1118FD57-EF55-4A3B-A1EF-07D789C57CC2}.Release|x86.Build.0 = Release|Any CPU
		{EDC849F2-3E61-4913-8888-4B8ADBF46DFF}.Debug|Any CPU.ActiveCfg = Debug|Any CPU
		{EDC849F2-3E61-4913-8888-4B8ADBF46DFF}.Debug|Any CPU.Build.0 = Debug|Any CPU
		{EDC849F2-3E61-4913-8888-4B8ADBF46DFF}.Debug|x64.ActiveCfg = Debug|Any CPU
		{EDC849F2-3E61-4913-8888-4B8ADBF46DFF}.Debug|x64.Build.0 = Debug|Any CPU
		{EDC849F2-3E61-4913-8888-4B8ADBF46DFF}.Debug|x86.ActiveCfg = Debug|Any CPU
		{EDC849F2-3E61-4913-8888-4B8ADBF46DFF}.Debug|x86.Build.0 = Debug|Any CPU
		{EDC849F2-3E61-4913-8888-4B8ADBF46DFF}.Release|Any CPU.ActiveCfg = Release|Any CPU
		{EDC849F2-3E61-4913-8888-4B8ADBF46DFF}.Release|Any CPU.Build.0 = Release|Any CPU
		{EDC849F2-3E61-4913-8888-4B8ADBF46DFF}.Release|x64.ActiveCfg = Release|Any CPU
		{EDC849F2-3E61-4913-8888-4B8ADBF46DFF}.Release|x64.Build.0 = Release|Any CPU
		{EDC849F2-3E61-4913-8888-4B8ADBF46DFF}.Release|x86.ActiveCfg = Release|Any CPU
		{EDC849F2-3E61-4913-8888-4B8ADBF46DFF}.Release|x86.Build.0 = Release|Any CPU
	EndGlobalSection
	GlobalSection(SolutionProperties) = preSolution
		HideSolutionNode = FALSE
	EndGlobalSection
EndGlobal
